
Microsoft Visual Studio Solution File, Format Version 12.00
# Visual Studio Version 17
VisualStudioVersion = 17.8.34330.188
MinimumVisualStudioVersion = 10.0.40219.1
Project("{FAE04EC0-301F-11D3-BF4B-00C04F79EFBC}") = "CarProject.Data", "CarProject.Data\CarProject.Data.csproj", "{812FF277-BF29-412B-B98B-A5FC28EA52A4}"
EndProject
Project("{FAE04EC0-301F-11D3-BF4B-00C04F79EFBC}") = "CarProject.Data.Shared", "CarProject.Data.Shared\CarProject.Data.Shared.csproj", "{82FAD6F1-E8DB-4614-BE46-F9E51968CA8C}"
EndProject
Global
	GlobalSection(SolutionConfigurationPlatforms) = preSolution
		Debug|Any CPU = Debug|Any CPU
		Release|Any CPU = Release|Any CPU
	EndGlobalSection
	GlobalSection(ProjectConfigurationPlatforms) = postSolution
		{812FF277-BF29-412B-B98B-A5FC28EA52A4}.Debug|Any CPU.ActiveCfg = Debug|Any CPU
		{812FF277-BF29-412B-B98B-A5FC28EA52A4}.Debug|Any CPU.Build.0 = Debug|Any CPU
		{812FF277-BF29-412B-B98B-A5FC28EA52A4}.Release|Any CPU.ActiveCfg = Release|Any CPU
		{812FF277-BF29-412B-B98B-A5FC28EA52A4}.Release|Any CPU.Build.0 = Release|Any CPU
		{82FAD6F1-E8DB-4614-BE46-F9E51968CA8C}.Debug|Any CPU.ActiveCfg = Debug|Any CPU
		{82FAD6F1-E8DB-4614-BE46-F9E51968CA8C}.Debug|Any CPU.Build.0 = Debug|Any CPU
		{82FAD6F1-E8DB-4614-BE46-F9E51968CA8C}.Release|Any CPU.ActiveCfg = Release|Any CPU
		{82FAD6F1-E8DB-4614-BE46-F9E51968CA8C}.Release|Any CPU.Build.0 = Release|Any CPU
	EndGlobalSection
	GlobalSection(SolutionProperties) = preSolution
		HideSolutionNode = FALSE
	EndGlobalSection
	GlobalSection(ExtensibilityGlobals) = postSolution
		SolutionGuid = {25CBB40A-08F6-4D83-8233-80F518FF90D7}
	EndGlobalSection
EndGlobal
